
Microsoft Visual Studio Solution File, Format Version 12.00
# Visual Studio Version 16
VisualStudioVersion = 16.0.31424.327
MinimumVisualStudioVersion = 10.0.40219.1
Project("{FAE04EC0-301F-11D3-BF4B-00C04F79EFBC}") = "Course", "SalarioFuncionario\Course.csproj", "{58981689-8AC3-4F93-BD2F-DA9518C51BB4}"
EndProject
Global
	GlobalSection(SolutionConfigurationPlatforms) = preSolution
		Debug|Any CPU = Debug|Any CPU
		Release|Any CPU = Release|Any CPU
	EndGlobalSection
	GlobalSection(ProjectConfigurationPlatforms) = postSolution
		{58981689-8AC3-4F93-BD2F-DA9518C51BB4}.Debug|Any CPU.ActiveCfg = Debug|Any CPU
		{58981689-8AC3-4F93-BD2F-DA9518C51BB4}.Debug|Any CPU.Build.0 = Debug|Any CPU
		{58981689-8AC3-4F93-BD2F-DA9518C51BB4}.Release|Any CPU.ActiveCfg = Release|Any CPU
		{58981689-8AC3-4F93-BD2F-DA9518C51BB4}.Release|Any CPU.Build.0 = Release|Any CPU
	EndGlobalSection
	GlobalSection(SolutionProperties) = preSolution
		HideSolutionNode = FALSE
	EndGlobalSection
	GlobalSection(ExtensibilityGlobals) = postSolution
		SolutionGuid = {68A7F342-8D2B-4A74-94C3-D0A71195BE38}
	EndGlobalSection
EndGlobal
